
Microsoft Visual Studio Solution File, Format Version 12.00
# Visual Studio Version 16
VisualStudioVersion = 16.0.30517.126
MinimumVisualStudioVersion = 10.0.40219.1
Project("{FAE04EC0-301F-11D3-BF4B-00C04F79EFBC}") = "LocalizeCheckerWPF", "LocalizeCheckerProgram\LocalizeCheckerWPF.csproj", "{10928E5D-073D-44BC-8725-D313B23E4090}"
EndProject
Global
	GlobalSection(SolutionConfigurationPlatforms) = preSolution
		Debug|Any CPU = Debug|Any CPU
		Release|Any CPU = Release|Any CPU
	EndGlobalSection
	GlobalSection(ProjectConfigurationPlatforms) = postSolution
		{10928E5D-073D-44BC-8725-D313B23E4090}.Debug|Any CPU.ActiveCfg = Debug|Any CPU
		{10928E5D-073D-44BC-8725-D313B23E4090}.Debug|Any CPU.Build.0 = Debug|Any CPU
		{10928E5D-073D-44BC-8725-D313B23E4090}.Release|Any CPU.ActiveCfg = Release|Any CPU
		{10928E5D-073D-44BC-8725-D313B23E4090}.Release|Any CPU.Build.0 = Release|Any CPU
	EndGlobalSection
	GlobalSection(SolutionProperties) = preSolution
		HideSolutionNode = FALSE
	EndGlobalSection
	GlobalSection(ExtensibilityGlobals) = postSolution
		SolutionGuid = {D0EFC157-D4AB-4855-B6B7-AD146D8A423A}
	EndGlobalSection
EndGlobal
